// !$*UTF8*$!
{
	archiveVersion = 1;
	classes = {
	};
	objectVersion = 50;
	objects = {

/* Begin PBXBuildFile section */
		77EA50653DCF305E4918C20F /* Pods_SketchLightTests.framework in Frameworks */ = {isa = PBXBuildFile; fileRef = 614E687A8810C6923714B4A9 /* Pods_SketchLightTests.framework */; };
		9C27F0E0214D27BB00C6B6F1 /* UIColor+SketchLight.swift in Sources */ = {isa = PBXBuildFile; fileRef = 9C27F0DF214D27BB00C6B6F1 /* UIColor+SketchLight.swift */; };
		9C99FD322164B97500290129 /* UIView+SketchLight.swift in Sources */ = {isa = PBXBuildFile; fileRef = 9C99FD312164B97500290129 /* UIView+SketchLight.swift */; };
		9CE39695213C380000EACBCC /* AppDelegate.swift in Sources */ = {isa = PBXBuildFile; fileRef = 9CE39694213C380000EACBCC /* AppDelegate.swift */; };
		9CE39697213C380000EACBCC /* ViewController.swift in Sources */ = {isa = PBXBuildFile; fileRef = 9CE39696213C380000EACBCC /* ViewController.swift */; };
		9CE3969A213C380000EACBCC /* Main.storyboard in Resources */ = {isa = PBXBuildFile; fileRef = 9CE39698213C380000EACBCC /* Main.storyboard */; };
		9CE3969C213C380300EACBCC /* Assets.xcassets in Resources */ = {isa = PBXBuildFile; fileRef = 9CE3969B213C380300EACBCC /* Assets.xcassets */; };
		9CE3969F213C380300EACBCC /* LaunchScreen.storyboard in Resources */ = {isa = PBXBuildFile; fileRef = 9CE3969D213C380300EACBCC /* LaunchScreen.storyboard */; };
		9CE396AA213C380400EACBCC /* SketchLightTests.swift in Sources */ = {isa = PBXBuildFile; fileRef = 9CE396A9213C380400EACBCC /* SketchLightTests.swift */; };
		9CE396B5213C380400EACBCC /* SketchLightUITests.swift in Sources */ = {isa = PBXBuildFile; fileRef = 9CE396B4213C380400EACBCC /* SketchLightUITests.swift */; };
		9CE396C5213C812200EACBCC /* PlayerControlVC.xib in Resources */ = {isa = PBXBuildFile; fileRef = 9CE396C4213C812200EACBCC /* PlayerControlVC.xib */; };
		9CE396C7213C8C3B00EACBCC /* OutputVC.swift in Sources */ = {isa = PBXBuildFile; fileRef = 9CE396C6213C8C3B00EACBCC /* OutputVC.swift */; };
		9CE396C9213CAC3E00EACBCC /* ControllerVC.swift in Sources */ = {isa = PBXBuildFile; fileRef = 9CE396C8213CAC3E00EACBCC /* ControllerVC.swift */; };
		A5066A814C3C56825D36122C /* Pods_SketchLight.framework in Frameworks */ = {isa = PBXBuildFile; fileRef = 0D20B90E4001C967AAF06891 /* Pods_SketchLight.framework */; };
		B85E5CAB74B2D77C9D92CBF3 /* Pods_SketchLightUITests.framework in Frameworks */ = {isa = PBXBuildFile; fileRef = 0F1962123DCFC595E6B4068F /* Pods_SketchLightUITests.framework */; };
/* End PBXBuildFile section */

/* Begin PBXContainerItemProxy section */
		9CE396A6213C380400EACBCC /* PBXContainerItemProxy */ = {
			isa = PBXContainerItemProxy;
			containerPortal = 9CE39689213C380000EACBCC /* Project object */;
			proxyType = 1;
			remoteGlobalIDString = 9CE39690213C380000EACBCC;
			remoteInfo = SketchLight;
		};
		9CE396B1213C380400EACBCC /* PBXContainerItemProxy */ = {
			isa = PBXContainerItemProxy;
			containerPortal = 9CE39689213C380000EACBCC /* Project object */;
			proxyType = 1;
			remoteGlobalIDString = 9CE39690213C380000EACBCC;
			remoteInfo = SketchLight;
		};
/* End PBXContainerItemProxy section */

/* Begin PBXFileReference section */
		0D20B90E4001C967AAF06891 /* Pods_SketchLight.framework */ = {isa = PBXFileReference; explicitFileType = wrapper.framework; includeInIndex = 0; path = Pods_SketchLight.framework; sourceTree = BUILT_PRODUCTS_DIR; };
		0F1962123DCFC595E6B4068F /* Pods_SketchLightUITests.framework */ = {isa = PBXFileReference; explicitFileType = wrapper.framework; includeInIndex = 0; path = Pods_SketchLightUITests.framework; sourceTree = BUILT_PRODUCTS_DIR; };
		3FE226F06355910144C3A017 /* Pods-SketchLightUITests.release.xcconfig */ = {isa = PBXFileReference; includeInIndex = 1; lastKnownFileType = text.xcconfig; name = "Pods-SketchLightUITests.release.xcconfig"; path = "Pods/Target Support Files/Pods-SketchLightUITests/Pods-SketchLightUITests.release.xcconfig"; sourceTree = "<group>"; };
		614E687A8810C6923714B4A9 /* Pods_SketchLightTests.framework */ = {isa = PBXFileReference; explicitFileType = wrapper.framework; includeInIndex = 0; path = Pods_SketchLightTests.framework; sourceTree = BUILT_PRODUCTS_DIR; };
		6CEAFB773D94148CBB48737F /* Pods-SketchLight.debug.xcconfig */ = {isa = PBXFileReference; includeInIndex = 1; lastKnownFileType = text.xcconfig; name = "Pods-SketchLight.debug.xcconfig"; path = "Pods/Target Support Files/Pods-SketchLight/Pods-SketchLight.debug.xcconfig"; sourceTree = "<group>"; };
		9C27F0DF214D27BB00C6B6F1 /* UIColor+SketchLight.swift */ = {isa = PBXFileReference; lastKnownFileType = sourcecode.swift; path = "UIColor+SketchLight.swift"; sourceTree = "<group>"; };
		9C99FD312164B97500290129 /* UIView+SketchLight.swift */ = {isa = PBXFileReference; lastKnownFileType = sourcecode.swift; path = "UIView+SketchLight.swift"; sourceTree = "<group>"; };
		9CE39691213C380000EACBCC /* SketchLight.app */ = {isa = PBXFileReference; explicitFileType = wrapper.application; includeInIndex = 0; path = SketchLight.app; sourceTree = BUILT_PRODUCTS_DIR; };
		9CE39694213C380000EACBCC /* AppDelegate.swift */ = {isa = PBXFileReference; lastKnownFileType = sourcecode.swift; path = AppDelegate.swift; sourceTree = "<group>"; };
		9CE39696213C380000EACBCC /* ViewController.swift */ = {isa = PBXFileReference; lastKnownFileType = sourcecode.swift; path = ViewController.swift; sourceTree = "<group>"; };
		9CE39699213C380000EACBCC /* Base */ = {isa = PBXFileReference; lastKnownFileType = file.storyboard; name = Base; path = Base.lproj/Main.storyboard; sourceTree = "<group>"; };
		9CE3969B213C380300EACBCC /* Assets.xcassets */ = {isa = PBXFileReference; lastKnownFileType = folder.assetcatalog; path = Assets.xcassets; sourceTree = "<group>"; };
		9CE3969E213C380300EACBCC /* Base */ = {isa = PBXFileReference; lastKnownFileType = file.storyboard; name = Base; path = Base.lproj/LaunchScreen.storyboard; sourceTree = "<group>"; };
		9CE396A0213C380300EACBCC /* Info.plist */ = {isa = PBXFileReference; lastKnownFileType = text.plist.xml; path = Info.plist; sourceTree = "<group>"; };
		9CE396A5213C380400EACBCC /* SketchLightTests.xctest */ = {isa = PBXFileReference; explicitFileType = wrapper.cfbundle; includeInIndex = 0; path = SketchLightTests.xctest; sourceTree = BUILT_PRODUCTS_DIR; };
		9CE396A9213C380400EACBCC /* SketchLightTests.swift */ = {isa = PBXFileReference; lastKnownFileType = sourcecode.swift; path = SketchLightTests.swift; sourceTree = "<group>"; };
		9CE396AB213C380400EACBCC /* Info.plist */ = {isa = PBXFileReference; lastKnownFileType = text.plist.xml; path = Info.plist; sourceTree = "<group>"; };
		9CE396B0213C380400EACBCC /* SketchLightUITests.xctest */ = {isa = PBXFileReference; explicitFileType = wrapper.cfbundle; includeInIndex = 0; path = SketchLightUITests.xctest; sourceTree = BUILT_PRODUCTS_DIR; };
		9CE396B4213C380400EACBCC /* SketchLightUITests.swift */ = {isa = PBXFileReference; lastKnownFileType = sourcecode.swift; path = SketchLightUITests.swift; sourceTree = "<group>"; };
		9CE396B6213C380400EACBCC /* Info.plist */ = {isa = PBXFileReference; lastKnownFileType = text.plist.xml; path = Info.plist; sourceTree = "<group>"; };
		9CE396C4213C812200EACBCC /* PlayerControlVC.xib */ = {isa = PBXFileReference; lastKnownFileType = file.xib; path = PlayerControlVC.xib; sourceTree = "<group>"; };
		9CE396C6213C8C3B00EACBCC /* OutputVC.swift */ = {isa = PBXFileReference; lastKnownFileType = sourcecode.swift; path = OutputVC.swift; sourceTree = "<group>"; };
		9CE396C8213CAC3E00EACBCC /* ControllerVC.swift */ = {isa = PBXFileReference; lastKnownFileType = sourcecode.swift; path = ControllerVC.swift; sourceTree = "<group>"; };
		BC10EFF9AF0A770B323FF0B7 /* Pods-SketchLightTests.debug.xcconfig */ = {isa = PBXFileReference; includeInIndex = 1; lastKnownFileType = text.xcconfig; name = "Pods-SketchLightTests.debug.xcconfig"; path = "Pods/Target Support Files/Pods-SketchLightTests/Pods-SketchLightTests.debug.xcconfig"; sourceTree = "<group>"; };
		E91A75146907F32011F9D83B /* Pods-SketchLightUITests.debug.xcconfig */ = {isa = PBXFileReference; includeInIndex = 1; lastKnownFileType = text.xcconfig; name = "Pods-SketchLightUITests.debug.xcconfig"; path = "Pods/Target Support Files/Pods-SketchLightUITests/Pods-SketchLightUITests.debug.xcconfig"; sourceTree = "<group>"; };
		EA190431D6D548970723389E /* Pods-SketchLight.release.xcconfig */ = {isa = PBXFileReference; includeInIndex = 1; lastKnownFileType = text.xcconfig; name = "Pods-SketchLight.release.xcconfig"; path = "Pods/Target Support Files/Pods-SketchLight/Pods-SketchLight.release.xcconfig"; sourceTree = "<group>"; };
		F8C8E6AC478BA2E36830BCB6 /* Pods-SketchLightTests.release.xcconfig */ = {isa = PBXFileReference; includeInIndex = 1; lastKnownFileType = text.xcconfig; name = "Pods-SketchLightTests.release.xcconfig"; path = "Pods/Target Support Files/Pods-SketchLightTests/Pods-SketchLightTests.release.xcconfig"; sourceTree = "<group>"; };
/* End PBXFileReference section */

/* Begin PBXFrameworksBuildPhase section */
		9CE3968E213C380000EACBCC /* Frameworks */ = {
			isa = PBXFrameworksBuildPhase;
			buildActionMask = 2147483647;
			files = (
				A5066A814C3C56825D36122C /* Pods_SketchLight.framework in Frameworks */,
			);
			runOnlyForDeploymentPostprocessing = 0;
		};
		9CE396A2213C380400EACBCC /* Frameworks */ = {
			isa = PBXFrameworksBuildPhase;
			buildActionMask = 2147483647;
			files = (
				77EA50653DCF305E4918C20F /* Pods_SketchLightTests.framework in Frameworks */,
			);
			runOnlyForDeploymentPostprocessing = 0;
		};
		9CE396AD213C380400EACBCC /* Frameworks */ = {
			isa = PBXFrameworksBuildPhase;
			buildActionMask = 2147483647;
			files = (
				B85E5CAB74B2D77C9D92CBF3 /* Pods_SketchLightUITests.framework in Frameworks */,
			);
			runOnlyForDeploymentPostprocessing = 0;
		};
/* End PBXFrameworksBuildPhase section */

/* Begin PBXGroup section */
		57560FC89C4A7E03B02C8484 /* Pods */ = {
			isa = PBXGroup;
			children = (
				6CEAFB773D94148CBB48737F /* Pods-SketchLight.debug.xcconfig */,
				EA190431D6D548970723389E /* Pods-SketchLight.release.xcconfig */,
				BC10EFF9AF0A770B323FF0B7 /* Pods-SketchLightTests.debug.xcconfig */,
				F8C8E6AC478BA2E36830BCB6 /* Pods-SketchLightTests.release.xcconfig */,
				E91A75146907F32011F9D83B /* Pods-SketchLightUITests.debug.xcconfig */,
				3FE226F06355910144C3A017 /* Pods-SketchLightUITests.release.xcconfig */,
			);
			name = Pods;
			sourceTree = "<group>";
		};
		9CE39688213C380000EACBCC = {
			isa = PBXGroup;
			children = (
				9CE39693213C380000EACBCC /* SketchLight */,
				9CE396A8213C380400EACBCC /* SketchLightTests */,
				9CE396B3213C380400EACBCC /* SketchLightUITests */,
				9CE39692213C380000EACBCC /* Products */,
				57560FC89C4A7E03B02C8484 /* Pods */,
				F2428AB389BA89AF1CDDB0D0 /* Frameworks */,
			);
			sourceTree = "<group>";
		};
		9CE39692213C380000EACBCC /* Products */ = {
			isa = PBXGroup;
			children = (
				9CE39691213C380000EACBCC /* SketchLight.app */,
				9CE396A5213C380400EACBCC /* SketchLightTests.xctest */,
				9CE396B0213C380400EACBCC /* SketchLightUITests.xctest */,
			);
			name = Products;
			sourceTree = "<group>";
		};
		9CE39693213C380000EACBCC /* SketchLight */ = {
			isa = PBXGroup;
			children = (
				9CE39694213C380000EACBCC /* AppDelegate.swift */,
				9C27F0DF214D27BB00C6B6F1 /* UIColor+SketchLight.swift */,
				9C99FD312164B97500290129 /* UIView+SketchLight.swift */,
				9CE39696213C380000EACBCC /* ViewController.swift */,
				9CE39698213C380000EACBCC /* Main.storyboard */,
				9CE396C8213CAC3E00EACBCC /* ControllerVC.swift */,
				9CE396C6213C8C3B00EACBCC /* OutputVC.swift */,
				9CE396C4213C812200EACBCC /* PlayerControlVC.xib */,
				9CE3969B213C380300EACBCC /* Assets.xcassets */,
				9CE3969D213C380300EACBCC /* LaunchScreen.storyboard */,
				9CE396A0213C380300EACBCC /* Info.plist */,
			);
			path = SketchLight;
			sourceTree = "<group>";
		};
		9CE396A8213C380400EACBCC /* SketchLightTests */ = {
			isa = PBXGroup;
			children = (
				9CE396A9213C380400EACBCC /* SketchLightTests.swift */,
				9CE396AB213C380400EACBCC /* Info.plist */,
			);
			path = SketchLightTests;
			sourceTree = "<group>";
		};
		9CE396B3213C380400EACBCC /* SketchLightUITests */ = {
			isa = PBXGroup;
			children = (
				9CE396B4213C380400EACBCC /* SketchLightUITests.swift */,
				9CE396B6213C380400EACBCC /* Info.plist */,
			);
			path = SketchLightUITests;
			sourceTree = "<group>";
		};
		F2428AB389BA89AF1CDDB0D0 /* Frameworks */ = {
			isa = PBXGroup;
			children = (
				0D20B90E4001C967AAF06891 /* Pods_SketchLight.framework */,
				614E687A8810C6923714B4A9 /* Pods_SketchLightTests.framework */,
				0F1962123DCFC595E6B4068F /* Pods_SketchLightUITests.framework */,
			);
			name = Frameworks;
			sourceTree = "<group>";
		};
/* End PBXGroup section */

/* Begin PBXNativeTarget section */
		9CE39690213C380000EACBCC /* SketchLight */ = {
			isa = PBXNativeTarget;
			buildConfigurationList = 9CE396B9213C380400EACBCC /* Build configuration list for PBXNativeTarget "SketchLight" */;
			buildPhases = (
				6962F54DEF748FFC74E70577 /* [CP] Check Pods Manifest.lock */,
				9CE3968D213C380000EACBCC /* Sources */,
				9CE3968E213C380000EACBCC /* Frameworks */,
				9CE3968F213C380000EACBCC /* Resources */,
				B6A5644510EDF7B23062230A /* [CP] Embed Pods Frameworks */,
				D94BF3435A8009E7BD616A58 /* [CP] Copy Pods Resources */,
			);
			buildRules = (
			);
			dependencies = (
			);
			name = SketchLight;
			productName = SketchLight;
			productReference = 9CE39691213C380000EACBCC /* SketchLight.app */;
			productType = "com.apple.product-type.application";
		};
		9CE396A4213C380400EACBCC /* SketchLightTests */ = {
			isa = PBXNativeTarget;
			buildConfigurationList = 9CE396BC213C380400EACBCC /* Build configuration list for PBXNativeTarget "SketchLightTests" */;
			buildPhases = (
				F10787CB9ED9EA12373B166C /* [CP] Check Pods Manifest.lock */,
				9CE396A1213C380400EACBCC /* Sources */,
				9CE396A2213C380400EACBCC /* Frameworks */,
				9CE396A3213C380400EACBCC /* Resources */,
				169570DFB3FAAC713E8E5AB4 /* [CP] Embed Pods Frameworks */,
				C957B52CBB4AB08DAF228D63 /* [CP] Copy Pods Resources */,
			);
			buildRules = (
			);
			dependencies = (
				9CE396A7213C380400EACBCC /* PBXTargetDependency */,
			);
			name = SketchLightTests;
			productName = SketchLightTests;
			productReference = 9CE396A5213C380400EACBCC /* SketchLightTests.xctest */;
			productType = "com.apple.product-type.bundle.unit-test";
		};
		9CE396AF213C380400EACBCC /* SketchLightUITests */ = {
			isa = PBXNativeTarget;
			buildConfigurationList = 9CE396BF213C380400EACBCC /* Build configuration list for PBXNativeTarget "SketchLightUITests" */;
			buildPhases = (
				D7285D2960E96E389E93638E /* [CP] Check Pods Manifest.lock */,
				9CE396AC213C380400EACBCC /* Sources */,
				9CE396AD213C380400EACBCC /* Frameworks */,
				9CE396AE213C380400EACBCC /* Resources */,
				58C9A6E3F0D4ACB0F6F1D975 /* [CP] Embed Pods Frameworks */,
				F10B965DCC9998B5F9586C1F /* [CP] Copy Pods Resources */,
			);
			buildRules = (
			);
			dependencies = (
				9CE396B2213C380400EACBCC /* PBXTargetDependency */,
			);
			name = SketchLightUITests;
			productName = SketchLightUITests;
			productReference = 9CE396B0213C380400EACBCC /* SketchLightUITests.xctest */;
			productType = "com.apple.product-type.bundle.ui-testing";
		};
/* End PBXNativeTarget section */

/* Begin PBXProject section */
		9CE39689213C380000EACBCC /* Project object */ = {
			isa = PBXProject;
			attributes = {
				LastSwiftUpdateCheck = 0940;
				LastUpgradeCheck = 0940;
				ORGANIZATIONNAME = "Marius Hoggenmueller";
				TargetAttributes = {
					9CE39690213C380000EACBCC = {
						CreatedOnToolsVersion = 9.4.1;
						LastSwiftMigration = 1000;
					};
					9CE396A4213C380400EACBCC = {
						CreatedOnToolsVersion = 9.4.1;
						LastSwiftMigration = 1000;
						TestTargetID = 9CE39690213C380000EACBCC;
					};
					9CE396AF213C380400EACBCC = {
						CreatedOnToolsVersion = 9.4.1;
						LastSwiftMigration = 1000;
						TestTargetID = 9CE39690213C380000EACBCC;
					};
				};
			};
			buildConfigurationList = 9CE3968C213C380000EACBCC /* Build configuration list for PBXProject "SketchLight" */;
			compatibilityVersion = "Xcode 9.3";
			developmentRegion = en;
			hasScannedForEncodings = 0;
			knownRegions = (
				en,
				Base,
			);
			mainGroup = 9CE39688213C380000EACBCC;
			productRefGroup = 9CE39692213C380000EACBCC /* Products */;
			projectDirPath = "";
			projectRoot = "";
			targets = (
				9CE39690213C380000EACBCC /* SketchLight */,
				9CE396A4213C380400EACBCC /* SketchLightTests */,
				9CE396AF213C380400EACBCC /* SketchLightUITests */,
			);
		};
/* End PBXProject section */

/* Begin PBXResourcesBuildPhase section */
		9CE3968F213C380000EACBCC /* Resources */ = {
			isa = PBXResourcesBuildPhase;
			buildActionMask = 2147483647;
			files = (
				9CE3969F213C380300EACBCC /* LaunchScreen.storyboard in Resources */,
				9CE3969C213C380300EACBCC /* Assets.xcassets in Resources */,
				9CE3969A213C380000EACBCC /* Main.storyboard in Resources */,
				9CE396C5213C812200EACBCC /* PlayerControlVC.xib in Resources */,
			);
			runOnlyForDeploymentPostprocessing = 0;
		};
		9CE396A3213C380400EACBCC /* Resources */ = {
			isa = PBXResourcesBuildPhase;
			buildActionMask = 2147483647;
			files = (
			);
			runOnlyForDeploymentPostprocessing = 0;
		};
		9CE396AE213C380400EACBCC /* Resources */ = {
			isa = PBXResourcesBuildPhase;
			buildActionMask = 2147483647;
			files = (
			);
			runOnlyForDeploymentPostprocessing = 0;
		};
/* End PBXResourcesBuildPhase section */

/* Begin PBXShellScriptBuildPhase section */
		169570DFB3FAAC713E8E5AB4 /* [CP] Embed Pods Frameworks */ = {
			isa = PBXShellScriptBuildPhase;
			buildActionMask = 2147483647;
			files = (
			);
			inputPaths = (
			);
			name = "[CP] Embed Pods Frameworks";
			outputPaths = (
			);
			runOnlyForDeploymentPostprocessing = 0;
			shellPath = /bin/sh;
			shellScript = "\"${SRCROOT}/Pods/Target Support Files/Pods-SketchLightTests/Pods-SketchLightTests-frameworks.sh\"\n";
			showEnvVarsInLog = 0;
		};
		58C9A6E3F0D4ACB0F6F1D975 /* [CP] Embed Pods Frameworks */ = {
			isa = PBXShellScriptBuildPhase;
			buildActionMask = 2147483647;
			files = (
			);
			inputPaths = (
			);
			name = "[CP] Embed Pods Frameworks";
			outputPaths = (
			);
			runOnlyForDeploymentPostprocessing = 0;
			shellPath = /bin/sh;
			shellScript = "\"${SRCROOT}/Pods/Target Support Files/Pods-SketchLightUITests/Pods-SketchLightUITests-frameworks.sh\"\n";
			showEnvVarsInLog = 0;
		};
		6962F54DEF748FFC74E70577 /* [CP] Check Pods Manifest.lock */ = {
			isa = PBXShellScriptBuildPhase;
			buildActionMask = 2147483647;
			files = (
			);
			inputPaths = (
				"${PODS_PODFILE_DIR_PATH}/Podfile.lock",
				"${PODS_ROOT}/Manifest.lock",
			);
			name = "[CP] Check Pods Manifest.lock";
			outputPaths = (
				"$(DERIVED_FILE_DIR)/Pods-SketchLight-checkManifestLockResult.txt",
			);
			runOnlyForDeploymentPostprocessing = 0;
			shellPath = /bin/sh;
			shellScript = "diff \"${PODS_PODFILE_DIR_PATH}/Podfile.lock\" \"${PODS_ROOT}/Manifest.lock\" > /dev/null\nif [ $? != 0 ] ; then\n    # print error to STDERR\n    echo \"error: The sandbox is not in sync with the Podfile.lock. Run 'pod install' or update your CocoaPods installation.\" >&2\n    exit 1\nfi\n# This output is used by Xcode 'outputs' to avoid re-running this script phase.\necho \"SUCCESS\" > \"${SCRIPT_OUTPUT_FILE_0}\"\n";
			showEnvVarsInLog = 0;
		};
		B6A5644510EDF7B23062230A /* [CP] Embed Pods Frameworks */ = {
			isa = PBXShellScriptBuildPhase;
			buildActionMask = 2147483647;
			files = (
			);
			inputPaths = (
				"${SRCROOT}/Pods/Target Support Files/Pods-SketchLight/Pods-SketchLight-frameworks.sh",
				"${BUILT_PRODUCTS_DIR}/MDFInternationalization/MDFInternationalization.framework",
				"${BUILT_PRODUCTS_DIR}/MaterialComponents/MaterialComponents.framework",
				"${BUILT_PRODUCTS_DIR}/SwiftIcons/SwiftIcons.framework",
			);
			name = "[CP] Embed Pods Frameworks";
			outputPaths = (
				"${TARGET_BUILD_DIR}/${FRAMEWORKS_FOLDER_PATH}/MDFInternationalization.framework",
				"${TARGET_BUILD_DIR}/${FRAMEWORKS_FOLDER_PATH}/MaterialComponents.framework",
				"${TARGET_BUILD_DIR}/${FRAMEWORKS_FOLDER_PATH}/SwiftIcons.framework",
			);
			runOnlyForDeploymentPostprocessing = 0;
			shellPath = /bin/sh;
			shellScript = "\"${SRCROOT}/Pods/Target Support Files/Pods-SketchLight/Pods-SketchLight-frameworks.sh\"\n";
			showEnvVarsInLog = 0;
		};
		C957B52CBB4AB08DAF228D63 /* [CP] Copy Pods Resources */ = {
			isa = PBXShellScriptBuildPhase;
			buildActionMask = 2147483647;
			files = (
			);
			inputPaths = (
			);
			name = "[CP] Copy Pods Resources";
			outputPaths = (
			);
			runOnlyForDeploymentPostprocessing = 0;
			shellPath = /bin/sh;
			shellScript = "\"${SRCROOT}/Pods/Target Support Files/Pods-SketchLightTests/Pods-SketchLightTests-resources.sh\"\n";
			showEnvVarsInLog = 0;
		};
		D7285D2960E96E389E93638E /* [CP] Check Pods Manifest.lock */ = {
			isa = PBXShellScriptBuildPhase;
			buildActionMask = 2147483647;
			files = (
			);
			inputPaths = (
				"${PODS_PODFILE_DIR_PATH}/Podfile.lock",
				"${PODS_ROOT}/Manifest.lock",
			);
			name = "[CP] Check Pods Manifest.lock";
			outputPaths = (
				"$(DERIVED_FILE_DIR)/Pods-SketchLightUITests-checkManifestLockResult.txt",
			);
			runOnlyForDeploymentPostprocessing = 0;
			shellPath = /bin/sh;
			shellScript = "diff \"${PODS_PODFILE_DIR_PATH}/Podfile.lock\" \"${PODS_ROOT}/Manifest.lock\" > /dev/null\nif [ $? != 0 ] ; then\n    # print error to STDERR\n    echo \"error: The sandbox is not in sync with the Podfile.lock. Run 'pod install' or update your CocoaPods installation.\" >&2\n    exit 1\nfi\n# This output is used by Xcode 'outputs' to avoid re-running this script phase.\necho \"SUCCESS\" > \"${SCRIPT_OUTPUT_FILE_0}\"\n";
			showEnvVarsInLog = 0;
		};
		D94BF3435A8009E7BD616A58 /* [CP] Copy Pods Resources */ = {
			isa = PBXShellScriptBuildPhase;
			buildActionMask = 2147483647;
			files = (
			);
			inputPaths = (
			);
			name = "[CP] Copy Pods Resources";
			outputPaths = (
			);
			runOnlyForDeploymentPostprocessing = 0;
			shellPath = /bin/sh;
			shellScript = "\"${SRCROOT}/Pods/Target Support Files/Pods-SketchLight/Pods-SketchLight-resources.sh\"\n";
			showEnvVarsInLog = 0;
		};
		F10787CB9ED9EA12373B166C /* [CP] Check Pods Manifest.lock */ = {
			isa = PBXShellScriptBuildPhase;
			buildActionMask = 2147483647;
			files = (
			);
			inputPaths = (
				"${PODS_PODFILE_DIR_PATH}/Podfile.lock",
				"${PODS_ROOT}/Manifest.lock",
			);
			name = "[CP] Check Pods Manifest.lock";
			outputPaths = (
				"$(DERIVED_FILE_DIR)/Pods-SketchLightTests-checkManifestLockResult.txt",
			);
			runOnlyForDeploymentPostprocessing = 0;
			shellPath = /bin/sh;
			shellScript = "diff \"${PODS_PODFILE_DIR_PATH}/Podfile.lock\" \"${PODS_ROOT}/Manifest.lock\" > /dev/null\nif [ $? != 0 ] ; then\n    # print error to STDERR\n    echo \"error: The sandbox is not in sync with the Podfile.lock. Run 'pod install' or update your CocoaPods installation.\" >&2\n    exit 1\nfi\n# This output is used by Xcode 'outputs' to avoid re-running this script phase.\necho \"SUCCESS\" > \"${SCRIPT_OUTPUT_FILE_0}\"\n";
			showEnvVarsInLog = 0;
		};
		F10B965DCC9998B5F9586C1F /* [CP] Copy Pods Resources */ = {
			isa = PBXShellScriptBuildPhase;
			buildActionMask = 2147483647;
			files = (
			);
			inputPaths = (
			);
			name = "[CP] Copy Pods Resources";
			outputPaths = (
			);
			runOnlyForDeploymentPostprocessing = 0;
			shellPath = /bin/sh;
			shellScript = "\"${SRCROOT}/Pods/Target Support Files/Pods-SketchLightUITests/Pods-SketchLightUITests-resources.sh\"\n";
			showEnvVarsInLog = 0;
		};
/* End PBXShellScriptBuildPhase section */

/* Begin PBXSourcesBuildPhase section */
		9CE3968D213C380000EACBCC /* Sources */ = {
			isa = PBXSourcesBuildPhase;
			buildActionMask = 2147483647;
			files = (
				9CE39697213C380000EACBCC /* ViewController.swift in Sources */,
				9CE396C7213C8C3B00EACBCC /* OutputVC.swift in Sources */,
				9CE39695213C380000EACBCC /* AppDelegate.swift in Sources */,
				9C99FD322164B97500290129 /* UIView+SketchLight.swift in Sources */,
				9CE396C9213CAC3E00EACBCC /* ControllerVC.swift in Sources */,
				9C27F0E0214D27BB00C6B6F1 /* UIColor+SketchLight.swift in Sources */,
			);
			runOnlyForDeploymentPostprocessing = 0;
		};
		9CE396A1213C380400EACBCC /* Sources */ = {
			isa = PBXSourcesBuildPhase;
			buildActionMask = 2147483647;
			files = (
				9CE396AA213C380400EACBCC /* SketchLightTests.swift in Sources */,
			);
			runOnlyForDeploymentPostprocessing = 0;
		};
		9CE396AC213C380400EACBCC /* Sources */ = {
			isa = PBXSourcesBuildPhase;
			buildActionMask = 2147483647;
			files = (
				9CE396B5213C380400EACBCC /* SketchLightUITests.swift in Sources */,
			);
			runOnlyForDeploymentPostprocessing = 0;
		};
/* End PBXSourcesBuildPhase section */

/* Begin PBXTargetDependency section */
		9CE396A7213C380400EACBCC /* PBXTargetDependency */ = {
			isa = PBXTargetDependency;
			target = 9CE39690213C380000EACBCC /* SketchLight */;
			targetProxy = 9CE396A6213C380400EACBCC /* PBXContainerItemProxy */;
		};
		9CE396B2213C380400EACBCC /* PBXTargetDependency */ = {
			isa = PBXTargetDependency;
			target = 9CE39690213C380000EACBCC /* SketchLight */;
			targetProxy = 9CE396B1213C380400EACBCC /* PBXContainerItemProxy */;
		};
/* End PBXTargetDependency section */

/* Begin PBXVariantGroup section */
		9CE39698213C380000EACBCC /* Main.storyboard */ = {
			isa = PBXVariantGroup;
			children = (
				9CE39699213C380000EACBCC /* Base */,
			);
			name = Main.storyboard;
			sourceTree = "<group>";
		};
		9CE3969D213C380300EACBCC /* LaunchScreen.storyboard */ = {
			isa = PBXVariantGroup;
			children = (
				9CE3969E213C380300EACBCC /* Base */,
			);
			name = LaunchScreen.storyboard;
			sourceTree = "<group>";
		};
/* End PBXVariantGroup section */

/* Begin XCBuildConfiguration section */
		9CE396B7213C380400EACBCC /* Debug */ = {
			isa = XCBuildConfiguration;
			buildSettings = {
				ALWAYS_SEARCH_USER_PATHS = NO;
				CLANG_ANALYZER_NONNULL = YES;
				CLANG_ANALYZER_NUMBER_OBJECT_CONVERSION = YES_AGGRESSIVE;
				CLANG_CXX_LANGUAGE_STANDARD = "gnu++14";
				CLANG_CXX_LIBRARY = "libc++";
				CLANG_ENABLE_MODULES = YES;
				CLANG_ENABLE_OBJC_ARC = YES;
				CLANG_ENABLE_OBJC_WEAK = YES;
				CLANG_WARN_BLOCK_CAPTURE_AUTORELEASING = YES;
				CLANG_WARN_BOOL_CONVERSION = YES;
				CLANG_WARN_COMMA = YES;
				CLANG_WARN_CONSTANT_CONVERSION = YES;
				CLANG_WARN_DEPRECATED_OBJC_IMPLEMENTATIONS = YES;
				CLANG_WARN_DIRECT_OBJC_ISA_USAGE = YES_ERROR;
				CLANG_WARN_DOCUMENTATION_COMMENTS = YES;
				CLANG_WARN_EMPTY_BODY = YES;
				CLANG_WARN_ENUM_CONVERSION = YES;
				CLANG_WARN_INFINITE_RECURSION = YES;
				CLANG_WARN_INT_CONVERSION = YES;
				CLANG_WARN_NON_LITERAL_NULL_CONVERSION = YES;
				CLANG_WARN_OBJC_IMPLICIT_RETAIN_SELF = YES;
				CLANG_WARN_OBJC_LITERAL_CONVERSION = YES;
				CLANG_WARN_OBJC_ROOT_CLASS = YES_ERROR;
				CLANG_WARN_RANGE_LOOP_ANALYSIS = YES;
				CLANG_WARN_STRICT_PROTOTYPES = YES;
				CLANG_WARN_SUSPICIOUS_MOVE = YES;
				CLANG_WARN_UNGUARDED_AVAILABILITY = YES_AGGRESSIVE;
				CLANG_WARN_UNREACHABLE_CODE = YES;
				CLANG_WARN__DUPLICATE_METHOD_MATCH = YES;
				CODE_SIGN_IDENTITY = "iPhone Developer";
				COPY_PHASE_STRIP = NO;
				DEBUG_INFORMATION_FORMAT = dwarf;
				ENABLE_STRICT_OBJC_MSGSEND = YES;
				ENABLE_TESTABILITY = YES;
				GCC_C_LANGUAGE_STANDARD = gnu11;
				GCC_DYNAMIC_NO_PIC = NO;
				GCC_NO_COMMON_BLOCKS = YES;
				GCC_OPTIMIZATION_LEVEL = 0;
				GCC_PREPROCESSOR_DEFINITIONS = (
					"DEBUG=1",
					"$(inherited)",
				);
				GCC_WARN_64_TO_32_BIT_CONVERSION = YES;
				GCC_WARN_ABOUT_RETURN_TYPE = YES_ERROR;
				GCC_WARN_UNDECLARED_SELECTOR = YES;
				GCC_WARN_UNINITIALIZED_AUTOS = YES_AGGRESSIVE;
				GCC_WARN_UNUSED_FUNCTION = YES;
				GCC_WARN_UNUSED_VARIABLE = YES;
				IPHONEOS_DEPLOYMENT_TARGET = 11.4;
				MTL_ENABLE_DEBUG_INFO = YES;
				ONLY_ACTIVE_ARCH = YES;
				SDKROOT = iphoneos;
				SWIFT_ACTIVE_COMPILATION_CONDITIONS = DEBUG;
				SWIFT_OPTIMIZATION_LEVEL = "-Onone";
			};
			name = Debug;
		};
		9CE396B8213C380400EACBCC /* Release */ = {
			isa = XCBuildConfiguration;
			buildSettings = {
				ALWAYS_SEARCH_USER_PATHS = NO;
				CLANG_ANALYZER_NONNULL = YES;
				CLANG_ANALYZER_NUMBER_OBJECT_CONVERSION = YES_AGGRESSIVE;
				CLANG_CXX_LANGUAGE_STANDARD = "gnu++14";
				CLANG_CXX_LIBRARY = "libc++";
				CLANG_ENABLE_MODULES = YES;
				CLANG_ENABLE_OBJC_ARC = YES;
				CLANG_ENABLE_OBJC_WEAK = YES;
				CLANG_WARN_BLOCK_CAPTURE_AUTORELEASING = YES;
				CLANG_WARN_BOOL_CONVERSION = YES;
				CLANG_WARN_COMMA = YES;
				CLANG_WARN_CONSTANT_CONVERSION = YES;
				CLANG_WARN_DEPRECATED_OBJC_IMPLEMENTATIONS = YES;
				CLANG_WARN_DIRECT_OBJC_ISA_USAGE = YES_ERROR;
				CLANG_WARN_DOCUMENTATION_COMMENTS = YES;
				CLANG_WARN_EMPTY_BODY = YES;
				CLANG_WARN_ENUM_CONVERSION = YES;
				CLANG_WARN_INFINITE_RECURSION = YES;
				CLANG_WARN_INT_CONVERSION = YES;
				CLANG_WARN_NON_LITERAL_NULL_CONVERSION = YES;
				CLANG_WARN_OBJC_IMPLICIT_RETAIN_SELF = YES;
				CLANG_WARN_OBJC_LITERAL_CONVERSION = YES;
				CLANG_WARN_OBJC_ROOT_CLASS = YES_ERROR;
				CLANG_WARN_RANGE_LOOP_ANALYSIS = YES;
				CLANG_WARN_STRICT_PROTOTYPES = YES;
				CLANG_WARN_SUSPICIOUS_MOVE = YES;
				CLANG_WARN_UNGUARDED_AVAILABILITY = YES_AGGRESSIVE;
				CLANG_WARN_UNREACHABLE_CODE = YES;
				CLANG_WARN__DUPLICATE_METHOD_MATCH = YES;
				CODE_SIGN_IDENTITY = "iPhone Developer";
				COPY_PHASE_STRIP = NO;
				DEBUG_INFORMATION_FORMAT = "dwarf-with-dsym";
				ENABLE_NS_ASSERTIONS = NO;
				ENABLE_STRICT_OBJC_MSGSEND = YES;
				GCC_C_LANGUAGE_STANDARD = gnu11;
				GCC_NO_COMMON_BLOCKS = YES;
				GCC_WARN_64_TO_32_BIT_CONVERSION = YES;
				GCC_WARN_ABOUT_RETURN_TYPE = YES_ERROR;
				GCC_WARN_UNDECLARED_SELECTOR = YES;
				GCC_WARN_UNINITIALIZED_AUTOS = YES_AGGRESSIVE;
				GCC_WARN_UNUSED_FUNCTION = YES;
				GCC_WARN_UNUSED_VARIABLE = YES;
				IPHONEOS_DEPLOYMENT_TARGET = 11.4;
				MTL_ENABLE_DEBUG_INFO = NO;
				SDKROOT = iphoneos;
				SWIFT_COMPILATION_MODE = wholemodule;
				SWIFT_OPTIMIZATION_LEVEL = "-O";
				VALIDATE_PRODUCT = YES;
			};
			name = Release;
		};
		9CE396BA213C380400EACBCC /* Debug */ = {
			isa = XCBuildConfiguration;
			baseConfigurationReference = 6CEAFB773D94148CBB48737F /* Pods-SketchLight.debug.xcconfig */;
			buildSettings = {
				ASSETCATALOG_COMPILER_APPICON_NAME = AppIcon;
				CODE_SIGN_STYLE = Automatic;
				DEVELOPMENT_TEAM = 93CME4XTQB;
				INFOPLIST_FILE = SketchLight/Info.plist;
				LD_RUNPATH_SEARCH_PATHS = (
					"$(inherited)",
					"@executable_path/Frameworks",
					"@rpath/MDFInternationalization.framework/MDFInternationalization",
				);
				PRODUCT_BUNDLE_IDENTIFIER = com.hoggenmari.SketchLight;
				PRODUCT_NAME = "$(TARGET_NAME)";
				SWIFT_VERSION = 4.2;
				TARGETED_DEVICE_FAMILY = "1,2";
			};
			name = Debug;
		};
		9CE396BB213C380400EACBCC /* Release */ = {
			isa = XCBuildConfiguration;
			baseConfigurationReference = EA190431D6D548970723389E /* Pods-SketchLight.release.xcconfig */;
			buildSettings = {
				ASSETCATALOG_COMPILER_APPICON_NAME = AppIcon;
				CODE_SIGN_STYLE = Automatic;
				DEVELOPMENT_TEAM = 93CME4XTQB;
				INFOPLIST_FILE = SketchLight/Info.plist;
				LD_RUNPATH_SEARCH_PATHS = (
					"$(inherited)",
					"@executable_path/Frameworks",
					"@rpath/MDFInternationalization.framework/MDFInternationalization",
				);
				PRODUCT_BUNDLE_IDENTIFIER = com.hoggenmari.SketchLight;
				PRODUCT_NAME = "$(TARGET_NAME)";
				SWIFT_VERSION = 4.2;
				TARGETED_DEVICE_FAMILY = "1,2";
			};
			name = Release;
		};
		9CE396BD213C380400EACBCC /* Debug */ = {
			isa = XCBuildConfiguration;
			baseConfigurationReference = BC10EFF9AF0A770B323FF0B7 /* Pods-SketchLightTests.debug.xcconfig */;
			buildSettings = {
				ALWAYS_EMBED_SWIFT_STANDARD_LIBRARIES = YES;
				BUNDLE_LOADER = "$(TEST_HOST)";
				CODE_SIGN_STYLE = Automatic;
				DEVELOPMENT_TEAM = 93CME4XTQB;
				INFOPLIST_FILE = SketchLightTests/Info.plist;
				LD_RUNPATH_SEARCH_PATHS = (
					"$(inherited)",
					"@executable_path/Frameworks",
					"@loader_path/Frameworks",
				);
				PRODUCT_BUNDLE_IDENTIFIER = com.hoggenmari.SketchLightTests;
				PRODUCT_NAME = "$(TARGET_NAME)";
				SWIFT_VERSION = 4.2;
				TARGETED_DEVICE_FAMILY = "1,2";
				TEST_HOST = "$(BUILT_PRODUCTS_DIR)/SketchLight.app/SketchLight";
			};
			name = Debug;
		};
		9CE396BE213C380400EACBCC /* Release */ = {
			isa = XCBuildConfiguration;
			baseConfigurationReference = F8C8E6AC478BA2E36830BCB6 /* Pods-SketchLightTests.release.xcconfig */;
			buildSettings = {
				ALWAYS_EMBED_SWIFT_STANDARD_LIBRARIES = YES;
				BUNDLE_LOADER = "$(TEST_HOST)";
				CODE_SIGN_STYLE = Automatic;
				DEVELOPMENT_TEAM = 93CME4XTQB;
				INFOPLIST_FILE = SketchLightTests/Info.plist;
				LD_RUNPATH_SEARCH_PATHS = (
					"$(inherited)",
					"@executable_path/Frameworks",
					"@loader_path/Frameworks",
				);
				PRODUCT_BUNDLE_IDENTIFIER = com.hoggenmari.SketchLightTests;
				PRODUCT_NAME = "$(TARGET_NAME)";
				SWIFT_VERSION = 4.2;
				TARGETED_DEVICE_FAMILY = "1,2";
				TEST_HOST = "$(BUILT_PRODUCTS_DIR)/SketchLight.app/SketchLight";
			};
			name = Release;
		};
		9CE396C0213C380400EACBCC /* Debug */ = {
			isa = XCBuildConfiguration;
			baseConfigurationReference = E91A75146907F32011F9D83B /* Pods-SketchLightUITests.debug.xcconfig */;
			buildSettings = {
				ALWAYS_EMBED_SWIFT_STANDARD_LIBRARIES = YES;
				CODE_SIGN_STYLE = Automatic;
				DEVELOPMENT_TEAM = 93CME4XTQB;
				INFOPLIST_FILE = SketchLightUITests/Info.plist;
				LD_RUNPATH_SEARCH_PATHS = (
					"$(inherited)",
					"@executable_path/Frameworks",
					"@loader_path/Frameworks",
				);
				PRODUCT_BUNDLE_IDENTIFIER = com.hoggenmari.SketchLightUITests;
				PRODUCT_NAME = "$(TARGET_NAME)";
				SWIFT_VERSION = 4.2;
				TARGETED_DEVICE_FAMILY = "1,2";
				TEST_TARGET_NAME = SketchLight;
			};
			name = Debug;
		};
		9CE396C1213C380400EACBCC /* Release */ = {
			isa = XCBuildConfiguration;
			baseConfigurationReference = 3FE226F06355910144C3A017 /* Pods-SketchLightUITests.release.xcconfig */;
			buildSettings = {
				ALWAYS_EMBED_SWIFT_STANDARD_LIBRARIES = YES;
				CODE_SIGN_STYLE = Automatic;
				DEVELOPMENT_TEAM = 93CME4XTQB;
				INFOPLIST_FILE = SketchLightUITests/Info.plist;
				LD_RUNPATH_SEARCH_PATHS = (
					"$(inherited)",
					"@executable_path/Frameworks",
					"@loader_path/Frameworks",
				);
				PRODUCT_BUNDLE_IDENTIFIER = com.hoggenmari.SketchLightUITests;
				PRODUCT_NAME = "$(TARGET_NAME)";
				SWIFT_VERSION = 4.2;
				TARGETED_DEVICE_FAMILY = "1,2";
				TEST_TARGET_NAME = SketchLight;
			};
			name = Release;
		};
/* End XCBuildConfiguration section */

/* Begin XCConfigurationList section */
		9CE3968C213C380000EACBCC /* Build configuration list for PBXProject "SketchLight" */ = {
			isa = XCConfigurationList;
			buildConfigurations = (
				9CE396B7213C380400EACBCC /* Debug */,
				9CE396B8213C380400EACBCC /* Release */,
			);
			defaultConfigurationIsVisible = 0;
			defaultConfigurationName = Release;
		};
		9CE396B9213C380400EACBCC /* Build configuration list for PBXNativeTarget "SketchLight" */ = {
			isa = XCConfigurationList;
			buildConfigurations = (
				9CE396BA213C380400EACBCC /* Debug */,
				9CE396BB213C380400EACBCC /* Release */,
			);
			defaultConfigurationIsVisible = 0;
			defaultConfigurationName = Release;
		};
		9CE396BC213C380400EACBCC /* Build configuration list for PBXNativeTarget "SketchLightTests" */ = {
			isa = XCConfigurationList;
			buildConfigurations = (
				9CE396BD213C380400EACBCC /* Debug */,
				9CE396BE213C380400EACBCC /* Release */,
			);
			defaultConfigurationIsVisible = 0;
			defaultConfigurationName = Release;
		};
		9CE396BF213C380400EACBCC /* Build configuration list for PBXNativeTarget "SketchLightUITests" */ = {
			isa = XCConfigurationList;
			buildConfigurations = (
				9CE396C0213C380400EACBCC /* Debug */,
				9CE396C1213C380400EACBCC /* Release */,
			);
			defaultConfigurationIsVisible = 0;
			defaultConfigurationName = Release;
		};
/* End XCConfigurationList section */
	};
	rootObject = 9CE39689213C380000EACBCC /* Project object */;
}
