PODS:
  - MaterialComponents/Ink (67.1.0):
    - MaterialComponents/private/Math
  - MaterialComponents/Palettes (67.1.0)
  - MaterialComponents/private/Application (67.1.0)
  - MaterialComponents/private/Math (67.1.0)
  - MaterialComponents/private/ThumbTrack (67.1.0):
    - MaterialComponents/Ink
    - MaterialComponents/private/Math
    - MaterialComponents/ShadowElevations
    - MaterialComponents/ShadowLayer
    - MaterialComponents/Typography
    - MDFInternationalization
  - MaterialComponents/schemes/Typography (67.1.0)
  - MaterialComponents/ShadowElevations (67.1.0)
  - MaterialComponents/ShadowLayer (67.1.0):
    - MaterialComponents/ShadowElevations
  - MaterialComponents/Slider (67.1.0):
    - MaterialComponents/Palettes
    - MaterialComponents/private/ThumbTrack
    - MaterialComponents/ShadowElevations
  - MaterialComponents/Typography (67.1.0):
    - MaterialComponents/private/Application
    - MaterialComponents/private/Math
  - MDFInternationalization (1.1.0)
  - SwiftIcons (2.2.0)

DEPENDENCIES:
  - MaterialComponents/schemes/Typography
  - MaterialComponents/Slider
  - SwiftIcons (~> 2.2.0)

SPEC CHECKSUMS:
  MaterialComponents: 54a3d649dc4072345c891089ad097d94e576a8b0
  MDFInternationalization: b5b8626628abf026e630e5ebaeee563037712cbb
  SwiftIcons: e7eb9bf2b475d6bdd8b37c5bdedc6d120aab0829

PODFILE CHECKSUM: 097d14f8c59bbf0a34905bd16ff68d4d89337f6f

COCOAPODS: 1.4.0
